dependencies:
  idf:
    source:
      type: idf
    version: 5.3.0
  mpu6050:
    dependencies: []
    source:
      path: /home/augus/projects/twip-firmware/components/mpu6050
      type: local
    version: 1.2.0
direct_dependencies:
- espressif/mpu6050
- idf
manifest_hash: 00804659f7eadf7fae8f5f8d31c3fdd55c13febf2e325c80e43b7a166b808ed3
target: esp32
version: 2.0.0
